
Microsoft Visual Studio Solution File, Format Version 12.00
# Visual Studio Version 16
VisualStudioVersion = 16.0.29806.167
MinimumVisualStudioVersion = 10.0.40219.1
Project("{2150E333-8FDC-42A3-9474-1A3956D46DE8}") = "Containers", "Containers", "{FE2393AB-AA41-45C2-B39B-6FF71441AD5E}"
EndProject
Project("{9A19103F-16F7-4668-BE54-9A1E7A4F7556}") = "EShop.Catalog.Domain", "..\Microservices\Catolog\EShop.Catalog.Domain\EShop.Catalog.Domain.csproj", "{1996130B-F74F-4EA6-A45B-C630ABF8D804}"
EndProject
Project("{9A19103F-16F7-4668-BE54-9A1E7A4F7556}") = "EShop.Domain.Core", "..\Common\EShop.Domain.Core\EShop.Domain.Core.csproj", "{F9D28690-ED1F-4536-B263-6FBCB0156A24}"
EndProject
Project("{9A19103F-16F7-4668-BE54-9A1E7A4F7556}") = "EShop.Catalog.Infrastructure.Data", "..\Microservices\Catolog\Catalog.Infrastructure.Data\EShop.Catalog.Infrastructure.Data.csproj", "{D964489B-791F-4CFC-AFD5-BC1F6D6FB6B8}"
EndProject
Project("{9A19103F-16F7-4668-BE54-9A1E7A4F7556}") = "EShop.Catalog.API", "..\Microservices\Catolog\EShop.EShop.Catalog.API\EShop.Catalog.API.csproj", "{9F9E039E-D72A-4E17-8FEC-6E1A714ABC05}"
EndProject
Project("{FAE04EC0-301F-11D3-BF4B-00C04F79EFBC}") = "EShop.Catalog.Consumer", "..\Microservices\Catolog\EShop.Catalog.Test\EShop.Catalog.Consumer\EShop.Catalog.Consumer.csproj", "{98AD53D9-701B-4C0F-9A9D-382899225CBD}"
EndProject
Global
	GlobalSection(SolutionConfigurationPlatforms) = preSolution
		Debug|Any CPU = Debug|Any CPU
		Release|Any CPU = Release|Any CPU
	EndGlobalSection
	GlobalSection(ProjectConfigurationPlatforms) = postSolution
		{1996130B-F74F-4EA6-A45B-C630ABF8D804}.Debug|Any CPU.ActiveCfg = Debug|Any CPU
		{1996130B-F74F-4EA6-A45B-C630ABF8D804}.Debug|Any CPU.Build.0 = Debug|Any CPU
		{1996130B-F74F-4EA6-A45B-C630ABF8D804}.Release|Any CPU.ActiveCfg = Release|Any CPU
		{1996130B-F74F-4EA6-A45B-C630ABF8D804}.Release|Any CPU.Build.0 = Release|Any CPU
		{F9D28690-ED1F-4536-B263-6FBCB0156A24}.Debug|Any CPU.ActiveCfg = Debug|Any CPU
		{F9D28690-ED1F-4536-B263-6FBCB0156A24}.Debug|Any CPU.Build.0 = Debug|Any CPU
		{F9D28690-ED1F-4536-B263-6FBCB0156A24}.Release|Any CPU.ActiveCfg = Release|Any CPU
		{F9D28690-ED1F-4536-B263-6FBCB0156A24}.Release|Any CPU.Build.0 = Release|Any CPU
		{D964489B-791F-4CFC-AFD5-BC1F6D6FB6B8}.Debug|Any CPU.ActiveCfg = Debug|Any CPU
		{D964489B-791F-4CFC-AFD5-BC1F6D6FB6B8}.Debug|Any CPU.Build.0 = Debug|Any CPU
		{D964489B-791F-4CFC-AFD5-BC1F6D6FB6B8}.Release|Any CPU.ActiveCfg = Release|Any CPU
		{D964489B-791F-4CFC-AFD5-BC1F6D6FB6B8}.Release|Any CPU.Build.0 = Release|Any CPU
		{9F9E039E-D72A-4E17-8FEC-6E1A714ABC05}.Debug|Any CPU.ActiveCfg = Debug|Any CPU
		{9F9E039E-D72A-4E17-8FEC-6E1A714ABC05}.Debug|Any CPU.Build.0 = Debug|Any CPU
		{9F9E039E-D72A-4E17-8FEC-6E1A714ABC05}.Release|Any CPU.ActiveCfg = Release|Any CPU
		{9F9E039E-D72A-4E17-8FEC-6E1A714ABC05}.Release|Any CPU.Build.0 = Release|Any CPU
		{98AD53D9-701B-4C0F-9A9D-382899225CBD}.Debug|Any CPU.ActiveCfg = Debug|Any CPU
		{98AD53D9-701B-4C0F-9A9D-382899225CBD}.Debug|Any CPU.Build.0 = Debug|Any CPU
		{98AD53D9-701B-4C0F-9A9D-382899225CBD}.Release|Any CPU.ActiveCfg = Release|Any CPU
		{98AD53D9-701B-4C0F-9A9D-382899225CBD}.Release|Any CPU.Build.0 = Release|Any CPU
	EndGlobalSection
	GlobalSection(SolutionProperties) = preSolution
		HideSolutionNode = FALSE
	EndGlobalSection
	GlobalSection(NestedProjects) = preSolution
		{9F9E039E-D72A-4E17-8FEC-6E1A714ABC05} = {FE2393AB-AA41-45C2-B39B-6FF71441AD5E}
		{98AD53D9-701B-4C0F-9A9D-382899225CBD} = {FE2393AB-AA41-45C2-B39B-6FF71441AD5E}
	EndGlobalSection
	GlobalSection(ExtensibilityGlobals) = postSolution
		SolutionGuid = {C8CFDAAD-A42D-4627-9056-907285B70653}
	EndGlobalSection
EndGlobal
